// !$*UTF8*$!
{
	archiveVersion = 1;
	classes = {
	};
	objectVersion = 50;
	objects = {

/* Begin PBXBuildFile section */
		A4E92C96232D806200F939C0 /* AppDelegate.swift in Sources */ = {isa = PBXBuildFile; fileRef = A4E92C95232D806200F939C0 /* AppDelegate.swift */; };
		A4E92C98232D806200F939C0 /* SceneDelegate.swift in Sources */ = {isa = PBXBuildFile; fileRef = A4E92C97232D806200F939C0 /* SceneDelegate.swift */; };
		A4E92C9D232D806200F939C0 /* Main.storyboard in Resources */ = {isa = PBXBuildFile; fileRef = A4E92C9B232D806200F939C0 /* Main.storyboard */; };
		A4E92C9F232D806400F939C0 /* Assets.xcassets in Resources */ = {isa = PBXBuildFile; fileRef = A4E92C9E232D806400F939C0 /* Assets.xcassets */; };
		A4E92CA2232D806400F939C0 /* LaunchScreen.storyboard in Resources */ = {isa = PBXBuildFile; fileRef = A4E92CA0232D806400F939C0 /* LaunchScreen.storyboard */; };
		A4E92CAA232D836F00F939C0 /* ProblemListTableViewCell.swift in Sources */ = {isa = PBXBuildFile; fileRef = A4E92CA9232D836F00F939C0 /* ProblemListTableViewCell.swift */; };
		A4E92CAC232D83C100F939C0 /* ProblemListTableViewController.swift in Sources */ = {isa = PBXBuildFile; fileRef = A4E92CAB232D83C100F939C0 /* ProblemListTableViewController.swift */; };
		A4E92CAE232D8C7F00F939C0 /* LeetCodeProblem.swift in Sources */ = {isa = PBXBuildFile; fileRef = A4E92CAD232D8C7F00F939C0 /* LeetCodeProblem.swift */; };
		A4E92CB0232DABAB00F939C0 /* ProblemDetailTableViewController.swift in Sources */ = {isa = PBXBuildFile; fileRef = A4E92CAF232DABAB00F939C0 /* ProblemDetailTableViewController.swift */; };
		A4E92CB2232DADB300F939C0 /* LeetCodeSubmission.swift in Sources */ = {isa = PBXBuildFile; fileRef = A4E92CB1232DADB300F939C0 /* LeetCodeSubmission.swift */; };
		A4F4DDBE232EA83300A8D5F9 /* LeetCodeProblemRepository.swift in Sources */ = {isa = PBXBuildFile; fileRef = A4F4DDBD232EA83300A8D5F9 /* LeetCodeProblemRepository.swift */; };
/* End PBXBuildFile section */

/* Begin PBXFileReference section */
		A4E92C92232D806200F939C0 /* LeetCodeAssistant.app */ = {isa = PBXFileReference; explicitFileType = wrapper.application; includeInIndex = 0; path = LeetCodeAssistant.app; sourceTree = BUILT_PRODUCTS_DIR; };
		A4E92C95232D806200F939C0 /* AppDelegate.swift */ = {isa = PBXFileReference; lastKnownFileType = sourcecode.swift; path = AppDelegate.swift; sourceTree = "<group>"; };
		A4E92C97232D806200F939C0 /* SceneDelegate.swift */ = {isa = PBXFileReference; lastKnownFileType = sourcecode.swift; path = SceneDelegate.swift; sourceTree = "<group>"; };
		A4E92C9C232D806200F939C0 /* Base */ = {isa = PBXFileReference; lastKnownFileType = file.storyboard; name = Base; path = Base.lproj/Main.storyboard; sourceTree = "<group>"; };
		A4E92C9E232D806400F939C0 /* Assets.xcassets */ = {isa = PBXFileReference; lastKnownFileType = folder.assetcatalog; path = Assets.xcassets; sourceTree = "<group>"; };
		A4E92CA1232D806400F939C0 /* Base */ = {isa = PBXFileReference; lastKnownFileType = file.storyboard; name = Base; path = Base.lproj/LaunchScreen.storyboard; sourceTree = "<group>"; };
		A4E92CA3232D806400F939C0 /* Info.plist */ = {isa = PBXFileReference; lastKnownFileType = text.plist.xml; path = Info.plist; sourceTree = "<group>"; };
		A4E92CA9232D836F00F939C0 /* ProblemListTableViewCell.swift */ = {isa = PBXFileReference; lastKnownFileType = sourcecode.swift; path = ProblemListTableViewCell.swift; sourceTree = "<group>"; };
		A4E92CAB232D83C100F939C0 /* ProblemListTableViewController.swift */ = {isa = PBXFileReference; lastKnownFileType = sourcecode.swift; path = ProblemListTableViewController.swift; sourceTree = "<group>"; };
		A4E92CAD232D8C7F00F939C0 /* LeetCodeProblem.swift */ = {isa = PBXFileReference; lastKnownFileType = sourcecode.swift; path = LeetCodeProblem.swift; sourceTree = "<group>"; };
		A4E92CAF232DABAB00F939C0 /* ProblemDetailTableViewController.swift */ = {isa = PBXFileReference; lastKnownFileType = sourcecode.swift; path = ProblemDetailTableViewController.swift; sourceTree = "<group>"; };
		A4E92CB1232DADB300F939C0 /* LeetCodeSubmission.swift */ = {isa = PBXFileReference; lastKnownFileType = sourcecode.swift; path = LeetCodeSubmission.swift; sourceTree = "<group>"; };
		A4F4DDBD232EA83300A8D5F9 /* LeetCodeProblemRepository.swift */ = {isa = PBXFileReference; lastKnownFileType = sourcecode.swift; path = LeetCodeProblemRepository.swift; sourceTree = "<group>"; };
/* End PBXFileReference section */

/* Begin PBXFrameworksBuildPhase section */
		A4E92C8F232D806200F939C0 /* Frameworks */ = {
			isa = PBXFrameworksBuildPhase;
			buildActionMask = 2147483647;
			files = (
			);
			runOnlyForDeploymentPostprocessing = 0;
		};
/* End PBXFrameworksBuildPhase section */

/* Begin PBXGroup section */
		A4E92C89232D806200F939C0 = {
			isa = PBXGroup;
			children = (
				A4E92C94232D806200F939C0 /* LeetCodeAssistant */,
				A4E92C93232D806200F939C0 /* Products */,
			);
			sourceTree = "<group>";
		};
		A4E92C93232D806200F939C0 /* Products */ = {
			isa = PBXGroup;
			children = (
				A4E92C92232D806200F939C0 /* LeetCodeAssistant.app */,
			);
			name = Products;
			sourceTree = "<group>";
		};
		A4E92C94232D806200F939C0 /* LeetCodeAssistant */ = {
			isa = PBXGroup;
			children = (
				A4E92C95232D806200F939C0 /* AppDelegate.swift */,
				A4E92C97232D806200F939C0 /* SceneDelegate.swift */,
				A4E92C9B232D806200F939C0 /* Main.storyboard */,
				A4E92CA9232D836F00F939C0 /* ProblemListTableViewCell.swift */,
				A4E92CAF232DABAB00F939C0 /* ProblemDetailTableViewController.swift */,
				A4F4DDBD232EA83300A8D5F9 /* LeetCodeProblemRepository.swift */,
				A4E92CAB232D83C100F939C0 /* ProblemListTableViewController.swift */,
				A4E92CAD232D8C7F00F939C0 /* LeetCodeProblem.swift */,
				A4E92CB1232DADB300F939C0 /* LeetCodeSubmission.swift */,
				A4E92C9E232D806400F939C0 /* Assets.xcassets */,
				A4E92CA0232D806400F939C0 /* LaunchScreen.storyboard */,
				A4E92CA3232D806400F939C0 /* Info.plist */,
			);
			path = LeetCodeAssistant;
			sourceTree = "<group>";
		};
/* End PBXGroup section */

/* Begin PBXNativeTarget section */
		A4E92C91232D806200F939C0 /* LeetCodeAssistant */ = {
			isa = PBXNativeTarget;
			buildConfigurationList = A4E92CA6232D806400F939C0 /* Build configuration list for PBXNativeTarget "LeetCodeAssistant" */;
			buildPhases = (
				A4E92C8E232D806200F939C0 /* Sources */,
				A4E92C8F232D806200F939C0 /* Frameworks */,
				A4E92C90232D806200F939C0 /* Resources */,
			);
			buildRules = (
			);
			dependencies = (
			);
			name = LeetCodeAssistant;
			productName = LeetCodeAssistant;
			productReference = A4E92C92232D806200F939C0 /* LeetCodeAssistant.app */;
			productType = "com.apple.product-type.application";
		};
/* End PBXNativeTarget section */

/* Begin PBXProject section */
		A4E92C8A232D806200F939C0 /* Project object */ = {
			isa = PBXProject;
			attributes = {
				LastSwiftUpdateCheck = 1100;
				LastUpgradeCheck = 1100;
				ORGANIZATIONNAME = "Kohei Asai";
				TargetAttributes = {
					A4E92C91232D806200F939C0 = {
						CreatedOnToolsVersion = 11.0;
					};
				};
			};
			buildConfigurationList = A4E92C8D232D806200F939C0 /* Build configuration list for PBXProject "LeetCodeAssistant" */;
			compatibilityVersion = "Xcode 9.3";
			developmentRegion = en;
			hasScannedForEncodings = 0;
			knownRegions = (
				en,
				Base,
			);
			mainGroup = A4E92C89232D806200F939C0;
			productRefGroup = A4E92C93232D806200F939C0 /* Products */;
			projectDirPath = "";
			projectRoot = "";
			targets = (
				A4E92C91232D806200F939C0 /* LeetCodeAssistant */,
			);
		};
/* End PBXProject section */

/* Begin PBXResourcesBuildPhase section */
		A4E92C90232D806200F939C0 /* Resources */ = {
			isa = PBXResourcesBuildPhase;
			buildActionMask = 2147483647;
			files = (
				A4E92CA2232D806400F939C0 /* LaunchScreen.storyboard in Resources */,
				A4E92C9F232D806400F939C0 /* Assets.xcassets in Resources */,
				A4E92C9D232D806200F939C0 /* Main.storyboard in Resources */,
			);
			runOnlyForDeploymentPostprocessing = 0;
		};
/* End PBXResourcesBuildPhase section */

/* Begin PBXSourcesBuildPhase section */
		A4E92C8E232D806200F939C0 /* Sources */ = {
			isa = PBXSourcesBuildPhase;
			buildActionMask = 2147483647;
			files = (
				A4F4DDBE232EA83300A8D5F9 /* LeetCodeProblemRepository.swift in Sources */,
				A4E92CAC232D83C100F939C0 /* ProblemListTableViewController.swift in Sources */,
				A4E92CB2232DADB300F939C0 /* LeetCodeSubmission.swift in Sources */,
				A4E92CAA232D836F00F939C0 /* ProblemListTableViewCell.swift in Sources */,
				A4E92CB0232DABAB00F939C0 /* ProblemDetailTableViewController.swift in Sources */,
				A4E92CAE232D8C7F00F939C0 /* LeetCodeProblem.swift in Sources */,
				A4E92C96232D806200F939C0 /* AppDelegate.swift in Sources */,
				A4E92C98232D806200F939C0 /* SceneDelegate.swift in Sources */,
			);
			runOnlyForDeploymentPostprocessing = 0;
		};
/* End PBXSourcesBuildPhase section */

/* Begin PBXVariantGroup section */
		A4E92C9B232D806200F939C0 /* Main.storyboard */ = {
			isa = PBXVariantGroup;
			children = (
				A4E92C9C232D806200F939C0 /* Base */,
			);
			name = Main.storyboard;
			sourceTree = "<group>";
		};
		A4E92CA0232D806400F939C0 /* LaunchScreen.storyboard */ = {
			isa = PBXVariantGroup;
			children = (
				A4E92CA1232D806400F939C0 /* Base */,
			);
			name = LaunchScreen.storyboard;
			sourceTree = "<group>";
		};
/* End PBXVariantGroup section */

/* Begin XCBuildConfiguration section */
		A4E92CA4232D806400F939C0 /* Debug */ = {
			isa = XCBuildConfiguration;
			buildSettings = {
				ALWAYS_SEARCH_USER_PATHS = NO;
				CLANG_ANALYZER_NONNULL = YES;
				CLANG_ANALYZER_NUMBER_OBJECT_CONVERSION = YES_AGGRESSIVE;
				CLANG_CXX_LANGUAGE_STANDARD = "gnu++14";
				CLANG_CXX_LIBRARY = "libc++";
				CLANG_ENABLE_MODULES = YES;
				CLANG_ENABLE_OBJC_ARC = YES;
				CLANG_ENABLE_OBJC_WEAK = YES;
				CLANG_WARN_BLOCK_CAPTURE_AUTORELEASING = YES;
				CLANG_WARN_BOOL_CONVERSION = YES;
				CLANG_WARN_COMMA = YES;
				CLANG_WARN_CONSTANT_CONVERSION = YES;
				CLANG_WARN_DEPRECATED_OBJC_IMPLEMENTATIONS = YES;
				CLANG_WARN_DIRECT_OBJC_ISA_USAGE = YES_ERROR;
				CLANG_WARN_DOCUMENTATION_COMMENTS = YES;
				CLANG_WARN_EMPTY_BODY = YES;
				CLANG_WARN_ENUM_CONVERSION = YES;
				CLANG_WARN_INFINITE_RECURSION = YES;
				CLANG_WARN_INT_CONVERSION = YES;
				CLANG_WARN_NON_LITERAL_NULL_CONVERSION = YES;
				CLANG_WARN_OBJC_IMPLICIT_RETAIN_SELF = YES;
				CLANG_WARN_OBJC_LITERAL_CONVERSION = YES;
				CLANG_WARN_OBJC_ROOT_CLASS = YES_ERROR;
				CLANG_WARN_RANGE_LOOP_ANALYSIS = YES;
				CLANG_WARN_STRICT_PROTOTYPES = YES;
				CLANG_WARN_SUSPICIOUS_MOVE = YES;
				CLANG_WARN_UNGUARDED_AVAILABILITY = YES_AGGRESSIVE;
				CLANG_WARN_UNREACHABLE_CODE = YES;
				CLANG_WARN__DUPLICATE_METHOD_MATCH = YES;
				COPY_PHASE_STRIP = NO;
				DEBUG_INFORMATION_FORMAT = dwarf;
				ENABLE_STRICT_OBJC_MSGSEND = YES;
				ENABLE_TESTABILITY = YES;
				GCC_C_LANGUAGE_STANDARD = gnu11;
				GCC_DYNAMIC_NO_PIC = NO;
				GCC_NO_COMMON_BLOCKS = YES;
				GCC_OPTIMIZATION_LEVEL = 0;
				GCC_PREPROCESSOR_DEFINITIONS = (
					"DEBUG=1",
					"$(inherited)",
				);
				GCC_WARN_64_TO_32_BIT_CONVERSION = YES;
				GCC_WARN_ABOUT_RETURN_TYPE = YES_ERROR;
				GCC_WARN_UNDECLARED_SELECTOR = YES;
				GCC_WARN_UNINITIALIZED_AUTOS = YES_AGGRESSIVE;
				GCC_WARN_UNUSED_FUNCTION = YES;
				GCC_WARN_UNUSED_VARIABLE = YES;
				IPHONEOS_DEPLOYMENT_TARGET = 13.0;
				MTL_ENABLE_DEBUG_INFO = INCLUDE_SOURCE;
				MTL_FAST_MATH = YES;
				ONLY_ACTIVE_ARCH = YES;
				SDKROOT = iphoneos;
				SWIFT_ACTIVE_COMPILATION_CONDITIONS = DEBUG;
				SWIFT_OPTIMIZATION_LEVEL = "-Onone";
			};
			name = Debug;
		};
		A4E92CA5232D806400F939C0 /* Release */ = {
			isa = XCBuildConfiguration;
			buildSettings = {
				ALWAYS_SEARCH_USER_PATHS = NO;
				CLANG_ANALYZER_NONNULL = YES;
				CLANG_ANALYZER_NUMBER_OBJECT_CONVERSION = YES_AGGRESSIVE;
				CLANG_CXX_LANGUAGE_STANDARD = "gnu++14";
				CLANG_CXX_LIBRARY = "libc++";
				CLANG_ENABLE_MODULES = YES;
				CLANG_ENABLE_OBJC_ARC = YES;
				CLANG_ENABLE_OBJC_WEAK = YES;
				CLANG_WARN_BLOCK_CAPTURE_AUTORELEASING = YES;
				CLANG_WARN_BOOL_CONVERSION = YES;
				CLANG_WARN_COMMA = YES;
				CLANG_WARN_CONSTANT_CONVERSION = YES;
				CLANG_WARN_DEPRECATED_OBJC_IMPLEMENTATIONS = YES;
				CLANG_WARN_DIRECT_OBJC_ISA_USAGE = YES_ERROR;
				CLANG_WARN_DOCUMENTATION_COMMENTS = YES;
				CLANG_WARN_EMPTY_BODY = YES;
				CLANG_WARN_ENUM_CONVERSION = YES;
				CLANG_WARN_INFINITE_RECURSION = YES;
				CLANG_WARN_INT_CONVERSION = YES;
				CLANG_WARN_NON_LITERAL_NULL_CONVERSION = YES;
				CLANG_WARN_OBJC_IMPLICIT_RETAIN_SELF = YES;
				CLANG_WARN_OBJC_LITERAL_CONVERSION = YES;
				CLANG_WARN_OBJC_ROOT_CLASS = YES_ERROR;
				CLANG_WARN_RANGE_LOOP_ANALYSIS = YES;
				CLANG_WARN_STRICT_PROTOTYPES = YES;
				CLANG_WARN_SUSPICIOUS_MOVE = YES;
				CLANG_WARN_UNGUARDED_AVAILABILITY = YES_AGGRESSIVE;
				CLANG_WARN_UNREACHABLE_CODE = YES;
				CLANG_WARN__DUPLICATE_METHOD_MATCH = YES;
				COPY_PHASE_STRIP = NO;
				DEBUG_INFORMATION_FORMAT = "dwarf-with-dsym";
				ENABLE_NS_ASSERTIONS = NO;
				ENABLE_STRICT_OBJC_MSGSEND = YES;
				GCC_C_LANGUAGE_STANDARD = gnu11;
				GCC_NO_COMMON_BLOCKS = YES;
				GCC_WARN_64_TO_32_BIT_CONVERSION = YES;
				GCC_WARN_ABOUT_RETURN_TYPE = YES_ERROR;
				GCC_WARN_UNDECLARED_SELECTOR = YES;
				GCC_WARN_UNINITIALIZED_AUTOS = YES_AGGRESSIVE;
				GCC_WARN_UNUSED_FUNCTION = YES;
				GCC_WARN_UNUSED_VARIABLE = YES;
				IPHONEOS_DEPLOYMENT_TARGET = 13.0;
				MTL_ENABLE_DEBUG_INFO = NO;
				MTL_FAST_MATH = YES;
				SDKROOT = iphoneos;
				SWIFT_COMPILATION_MODE = wholemodule;
				SWIFT_OPTIMIZATION_LEVEL = "-O";
				VALIDATE_PRODUCT = YES;
			};
			name = Release;
		};
		A4E92CA7232D806400F939C0 /* Debug */ = {
			isa = XCBuildConfiguration;
			buildSettings = {
				ASSETCATALOG_COMPILER_APPICON_NAME = AppIcon;
				CODE_SIGN_STYLE = Automatic;
				INFOPLIST_FILE = LeetCodeAssistant/Info.plist;
				LD_RUNPATH_SEARCH_PATHS = (
					"$(inherited)",
					"@executable_path/Frameworks",
				);
				PRODUCT_BUNDLE_IDENTIFIER = app.axross.LeetCodeAssistant;
				PRODUCT_NAME = "$(TARGET_NAME)";
				SWIFT_VERSION = 5.0;
				TARGETED_DEVICE_FAMILY = "1,2";
			};
			name = Debug;
		};
		A4E92CA8232D806400F939C0 /* Release */ = {
			isa = XCBuildConfiguration;
			buildSettings = {
				ASSETCATALOG_COMPILER_APPICON_NAME = AppIcon;
				CODE_SIGN_STYLE = Automatic;
				INFOPLIST_FILE = LeetCodeAssistant/Info.plist;
				LD_RUNPATH_SEARCH_PATHS = (
					"$(inherited)",
					"@executable_path/Frameworks",
				);
				PRODUCT_BUNDLE_IDENTIFIER = app.axross.LeetCodeAssistant;
				PRODUCT_NAME = "$(TARGET_NAME)";
				SWIFT_VERSION = 5.0;
				TARGETED_DEVICE_FAMILY = "1,2";
			};
			name = Release;
		};
/* End XCBuildConfiguration section */

/* Begin XCConfigurationList section */
		A4E92C8D232D806200F939C0 /* Build configuration list for PBXProject "LeetCodeAssistant" */ = {
			isa = XCConfigurationList;
			buildConfigurations = (
				A4E92CA4232D806400F939C0 /* Debug */,
				A4E92CA5232D806400F939C0 /* Release */,
			);
			defaultConfigurationIsVisible = 0;
			defaultConfigurationName = Release;
		};
		A4E92CA6232D806400F939C0 /* Build configuration list for PBXNativeTarget "LeetCodeAssistant" */ = {
			isa = XCConfigurationList;
			buildConfigurations = (
				A4E92CA7232D806400F939C0 /* Debug */,
				A4E92CA8232D806400F939C0 /* Release */,
			);
			defaultConfigurationIsVisible = 0;
			defaultConfigurationName = Release;
		};
/* End XCConfigurationList section */
	};
	rootObject = A4E92C8A232D806200F939C0 /* Project object */;
}
